
Microsoft Visual Studio Solution File, Format Version 12.00
# Visual Studio Version 17
VisualStudioVersion = 17.13.35931.197 d17.13
MinimumVisualStudioVersion = 10.0.40219.1
Project("{FAE04EC0-301F-11D3-BF4B-00C04F79EFBC}") = "Admin", "Admin\Admin.csproj", "{8D5AD165-A9CB-42F4-94B8-03074A095EE8}"
EndProject
Project("{FAE04EC0-301F-11D3-BF4B-00C04F79EFBC}") = "Core", "Core\Core.csproj", "{1E72AFAC-F668-46F6-A6BB-4A4EFE6C79BF}"
EndProject
Project("{FAE04EC0-301F-11D3-BF4B-00C04F79EFBC}") = "API", "API\API.csproj", "{61443E7F-8E4E-4A30-B8B5-94755568C493}"
EndProject
Global
	GlobalSection(SolutionConfigurationPlatforms) = preSolution
		Debug|Any CPU = Debug|Any CPU
		Release|Any CPU = Release|Any CPU
	EndGlobalSection
	GlobalSection(ProjectConfigurationPlatforms) = postSolution
		{8D5AD165-A9CB-42F4-94B8-03074A095EE8}.Debug|Any CPU.ActiveCfg = Debug|Any CPU
		{8D5AD165-A9CB-42F4-94B8-03074A095EE8}.Debug|Any CPU.Build.0 = Debug|Any CPU
		{8D5AD165-A9CB-42F4-94B8-03074A095EE8}.Release|Any CPU.ActiveCfg = Release|Any CPU
		{8D5AD165-A9CB-42F4-94B8-03074A095EE8}.Release|Any CPU.Build.0 = Release|Any CPU
		{1E72AFAC-F668-46F6-A6BB-4A4EFE6C79BF}.Debug|Any CPU.ActiveCfg = Debug|Any CPU
		{1E72AFAC-F668-46F6-A6BB-4A4EFE6C79BF}.Debug|Any CPU.Build.0 = Debug|Any CPU
		{1E72AFAC-F668-46F6-A6BB-4A4EFE6C79BF}.Release|Any CPU.ActiveCfg = Release|Any CPU
		{1E72AFAC-F668-46F6-A6BB-4A4EFE6C79BF}.Release|Any CPU.Build.0 = Release|Any CPU
		{61443E7F-8E4E-4A30-B8B5-94755568C493}.Debug|Any CPU.ActiveCfg = Debug|Any CPU
		{61443E7F-8E4E-4A30-B8B5-94755568C493}.Debug|Any CPU.Build.0 = Debug|Any CPU
		{61443E7F-8E4E-4A30-B8B5-94755568C493}.Release|Any CPU.ActiveCfg = Release|Any CPU
		{61443E7F-8E4E-4A30-B8B5-94755568C493}.Release|Any CPU.Build.0 = Release|Any CPU
	EndGlobalSection
	GlobalSection(SolutionProperties) = preSolution
		HideSolutionNode = FALSE
	EndGlobalSection
	GlobalSection(ExtensibilityGlobals) = postSolution
		SolutionGuid = {D5425C56-774A-4108-8157-6014A64BBC41}
	EndGlobalSection
EndGlobal
